
Microsoft Visual Studio Solution File, Format Version 12.00
# Visual Studio Version 16
VisualStudioVersion = 16.0.29230.47
MinimumVisualStudioVersion = 10.0.40219.1
Project("{9A19103F-16F7-4668-BE54-9A1E7A4F7556}") = "Transportation", "Transportation\Transportation.csproj", "{706556A5-2332-4997-A50A-614155DB188C}"
EndProject
Project("{9A19103F-16F7-4668-BE54-9A1E7A4F7556}") = "Infrastructure.EF", "Infrastructure.EF\Infrastructure.EF.csproj", "{94E2E91B-A70C-44CC-BA1E-033458292144}"
EndProject
Project("{9A19103F-16F7-4668-BE54-9A1E7A4F7556}") = "Domain", "Domain\Domain.csproj", "{C2866EB3-C408-4458-B502-6389095F9DFC}"
EndProject
Project("{9A19103F-16F7-4668-BE54-9A1E7A4F7556}") = "Service", "Service\Service.csproj", "{9A2E9C7F-BDC8-4C76-9215-8E713E87280A}"
EndProject
Project("{9A19103F-16F7-4668-BE54-9A1E7A4F7556}") = "Repository", "Repository\Repository.csproj", "{23279F43-07B9-40CD-83EA-FFF70A4483AF}"
EndProject
Global
	GlobalSection(SolutionConfigurationPlatforms) = preSolution
		Debug|Any CPU = Debug|Any CPU
		Development|Any CPU = Development|Any CPU
		Production|Any CPU = Production|Any CPU
		Release|Any CPU = Release|Any CPU
	EndGlobalSection
	GlobalSection(ProjectConfigurationPlatforms) = postSolution
		{706556A5-2332-4997-A50A-614155DB188C}.Debug|Any CPU.ActiveCfg = Debug|Any CPU
		{706556A5-2332-4997-A50A-614155DB188C}.Debug|Any CPU.Build.0 = Debug|Any CPU
		{706556A5-2332-4997-A50A-614155DB188C}.Development|Any CPU.ActiveCfg = Debug|Any CPU
		{706556A5-2332-4997-A50A-614155DB188C}.Development|Any CPU.Build.0 = Debug|Any CPU
		{706556A5-2332-4997-A50A-614155DB188C}.Production|Any CPU.ActiveCfg = Production|Any CPU
		{706556A5-2332-4997-A50A-614155DB188C}.Production|Any CPU.Build.0 = Production|Any CPU
		{706556A5-2332-4997-A50A-614155DB188C}.Release|Any CPU.ActiveCfg = Release|Any CPU
		{706556A5-2332-4997-A50A-614155DB188C}.Release|Any CPU.Build.0 = Release|Any CPU
		{94E2E91B-A70C-44CC-BA1E-033458292144}.Debug|Any CPU.ActiveCfg = Debug|Any CPU
		{94E2E91B-A70C-44CC-BA1E-033458292144}.Debug|Any CPU.Build.0 = Debug|Any CPU
		{94E2E91B-A70C-44CC-BA1E-033458292144}.Development|Any CPU.ActiveCfg = Debug|Any CPU
		{94E2E91B-A70C-44CC-BA1E-033458292144}.Development|Any CPU.Build.0 = Debug|Any CPU
		{94E2E91B-A70C-44CC-BA1E-033458292144}.Production|Any CPU.ActiveCfg = Production|Any CPU
		{94E2E91B-A70C-44CC-BA1E-033458292144}.Production|Any CPU.Build.0 = Production|Any CPU
		{94E2E91B-A70C-44CC-BA1E-033458292144}.Release|Any CPU.ActiveCfg = Release|Any CPU
		{94E2E91B-A70C-44CC-BA1E-033458292144}.Release|Any CPU.Build.0 = Release|Any CPU
		{C2866EB3-C408-4458-B502-6389095F9DFC}.Debug|Any CPU.ActiveCfg = Debug|Any CPU
		{C2866EB3-C408-4458-B502-6389095F9DFC}.Debug|Any CPU.Build.0 = Debug|Any CPU
		{C2866EB3-C408-4458-B502-6389095F9DFC}.Development|Any CPU.ActiveCfg = Debug|Any CPU
		{C2866EB3-C408-4458-B502-6389095F9DFC}.Development|Any CPU.Build.0 = Debug|Any CPU
		{C2866EB3-C408-4458-B502-6389095F9DFC}.Production|Any CPU.ActiveCfg = Production|Any CPU
		{C2866EB3-C408-4458-B502-6389095F9DFC}.Production|Any CPU.Build.0 = Production|Any CPU
		{C2866EB3-C408-4458-B502-6389095F9DFC}.Release|Any CPU.ActiveCfg = Release|Any CPU
		{C2866EB3-C408-4458-B502-6389095F9DFC}.Release|Any CPU.Build.0 = Release|Any CPU
		{9A2E9C7F-BDC8-4C76-9215-8E713E87280A}.Debug|Any CPU.ActiveCfg = Debug|Any CPU
		{9A2E9C7F-BDC8-4C76-9215-8E713E87280A}.Debug|Any CPU.Build.0 = Debug|Any CPU
		{9A2E9C7F-BDC8-4C76-9215-8E713E87280A}.Development|Any CPU.ActiveCfg = Debug|Any CPU
		{9A2E9C7F-BDC8-4C76-9215-8E713E87280A}.Development|Any CPU.Build.0 = Debug|Any CPU
		{9A2E9C7F-BDC8-4C76-9215-8E713E87280A}.Production|Any CPU.ActiveCfg = Production|Any CPU
		{9A2E9C7F-BDC8-4C76-9215-8E713E87280A}.Production|Any CPU.Build.0 = Production|Any CPU
		{9A2E9C7F-BDC8-4C76-9215-8E713E87280A}.Release|Any CPU.ActiveCfg = Release|Any CPU
		{9A2E9C7F-BDC8-4C76-9215-8E713E87280A}.Release|Any CPU.Build.0 = Release|Any CPU
		{23279F43-07B9-40CD-83EA-FFF70A4483AF}.Debug|Any CPU.ActiveCfg = Debug|Any CPU
		{23279F43-07B9-40CD-83EA-FFF70A4483AF}.Debug|Any CPU.Build.0 = Debug|Any CPU
		{23279F43-07B9-40CD-83EA-FFF70A4483AF}.Development|Any CPU.ActiveCfg = Debug|Any CPU
		{23279F43-07B9-40CD-83EA-FFF70A4483AF}.Development|Any CPU.Build.0 = Debug|Any CPU
		{23279F43-07B9-40CD-83EA-FFF70A4483AF}.Production|Any CPU.ActiveCfg = Production|Any CPU
		{23279F43-07B9-40CD-83EA-FFF70A4483AF}.Production|Any CPU.Build.0 = Production|Any CPU
		{23279F43-07B9-40CD-83EA-FFF70A4483AF}.Release|Any CPU.ActiveCfg = Release|Any CPU
		{23279F43-07B9-40CD-83EA-FFF70A4483AF}.Release|Any CPU.Build.0 = Release|Any CPU
	EndGlobalSection
	GlobalSection(SolutionProperties) = preSolution
		HideSolutionNode = FALSE
	EndGlobalSection
	GlobalSection(ExtensibilityGlobals) = postSolution
		SolutionGuid = {6FE45D49-4C39-42F8-9398-E4C7A8E85411}
	EndGlobalSection
EndGlobal
